
Microsoft Visual Studio Solution File, Format Version 12.00
# Visual Studio Version 17
VisualStudioVersion = 17.9.34728.123
MinimumVisualStudioVersion = 10.0.40219.1
Project("{FAE04EC0-301F-11D3-BF4B-00C04F79EFBC}") = "MyToDoList", "MyToDoList.csproj", "{12E6AC3C-F3C3-48A5-982F-A9BBD2F37C58}"
EndProject
Project("{FAE04EC0-301F-11D3-BF4B-00C04F79EFBC}") = "MyToDolIst.Api", "..\MyToDolIst.Api\MyToDolIst.Api.csproj", "{81909AB1-AFD6-4000-BEC4-E9F2A16EA19F}"
EndProject
Project("{2150E333-8FDC-42A3-9474-1A3956D46DE8}") = "Meteri", "Meteri", "{F4A73B7D-1F22-4BFD-867F-29187CAE603E}"
EndProject
Global
	GlobalSection(SolutionConfigurationPlatforms) = preSolution
		Debug|Any CPU = Debug|Any CPU
		Release|Any CPU = Release|Any CPU
	EndGlobalSection
	GlobalSection(ProjectConfigurationPlatforms) = postSolution
		{12E6AC3C-F3C3-48A5-982F-A9BBD2F37C58}.Debug|Any CPU.ActiveCfg = Debug|Any CPU
		{12E6AC3C-F3C3-48A5-982F-A9BBD2F37C58}.Debug|Any CPU.Build.0 = Debug|Any CPU
		{12E6AC3C-F3C3-48A5-982F-A9BBD2F37C58}.Release|Any CPU.ActiveCfg = Release|Any CPU
		{12E6AC3C-F3C3-48A5-982F-A9BBD2F37C58}.Release|Any CPU.Build.0 = Release|Any CPU
		{81909AB1-AFD6-4000-BEC4-E9F2A16EA19F}.Debug|Any CPU.ActiveCfg = Debug|Any CPU
		{81909AB1-AFD6-4000-BEC4-E9F2A16EA19F}.Debug|Any CPU.Build.0 = Debug|Any CPU
		{81909AB1-AFD6-4000-BEC4-E9F2A16EA19F}.Release|Any CPU.ActiveCfg = Release|Any CPU
		{81909AB1-AFD6-4000-BEC4-E9F2A16EA19F}.Release|Any CPU.Build.0 = Release|Any CPU
	EndGlobalSection
	GlobalSection(SolutionProperties) = preSolution
		HideSolutionNode = FALSE
	EndGlobalSection
	GlobalSection(ExtensibilityGlobals) = postSolution
		SolutionGuid = {6630EF51-628A-455A-B86D-025363E990D9}
	EndGlobalSection
EndGlobal
